
Microsoft Visual Studio Solution File, Format Version 12.00
# Visual Studio 15
Project("{FAE04EC0-301F-11D3-BF4B-00C04F79EFBC}") = "Assembly-CSharp", "Assembly-CSharp.csproj", "{CC05FD7F-B5C9-8DC4-405C-B0DD56AB4194}"
EndProject
Project("{FAE04EC0-301F-11D3-BF4B-00C04F79EFBC}") = "Assembly-CSharp-Editor", "Assembly-CSharp-Editor.csproj", "{6F51A1CC-0D27-F3AB-87C2-6323995E3E4F}"
EndProject
Global
	GlobalSection(SolutionConfigurationPlatforms) = preSolution
		Debug|Any CPU = Debug|Any CPU
		Release|Any CPU = Release|Any CPU
	EndGlobalSection
	GlobalSection(ProjectConfigurationPlatforms) = postSolution
		{CC05FD7F-B5C9-8DC4-405C-B0DD56AB4194}.Debug|Any CPU.ActiveCfg = Debug|Any CPU
		{CC05FD7F-B5C9-8DC4-405C-B0DD56AB4194}.Debug|Any CPU.Build.0 = Debug|Any CPU
		{CC05FD7F-B5C9-8DC4-405C-B0DD56AB4194}.Release|Any CPU.ActiveCfg = Release|Any CPU
		{CC05FD7F-B5C9-8DC4-405C-B0DD56AB4194}.Release|Any CPU.Build.0 = Release|Any CPU
		{6F51A1CC-0D27-F3AB-87C2-6323995E3E4F}.Debug|Any CPU.ActiveCfg = Debug|Any CPU
		{6F51A1CC-0D27-F3AB-87C2-6323995E3E4F}.Debug|Any CPU.Build.0 = Debug|Any CPU
		{6F51A1CC-0D27-F3AB-87C2-6323995E3E4F}.Release|Any CPU.ActiveCfg = Release|Any CPU
		{6F51A1CC-0D27-F3AB-87C2-6323995E3E4F}.Release|Any CPU.Build.0 = Release|Any CPU
	EndGlobalSection
	GlobalSection(SolutionProperties) = preSolution
		HideSolutionNode = FALSE
	EndGlobalSection
EndGlobal
